
Microsoft Visual Studio Solution File, Format Version 12.00
# Visual Studio Version 17
VisualStudioVersion = 17.3.32825.248
MinimumVisualStudioVersion = 10.0.40219.1
Project("{FAE04EC0-301F-11D3-BF4B-00C04F79EFBC}") = "ArrayVsMap", "ArrayVsMap\ArrayVsMap.csproj", "{EBD97B87-DA67-4B7D-97DB-0E8F52251316}"
EndProject
Global
	GlobalSection(SolutionConfigurationPlatforms) = preSolution
		Debug|Any CPU = Debug|Any CPU
		Release|Any CPU = Release|Any CPU
	EndGlobalSection
	GlobalSection(ProjectConfigurationPlatforms) = postSolution
		{EBD97B87-DA67-4B7D-97DB-0E8F52251316}.Debug|Any CPU.ActiveCfg = Debug|Any CPU
		{EBD97B87-DA67-4B7D-97DB-0E8F52251316}.Debug|Any CPU.Build.0 = Debug|Any CPU
		{EBD97B87-DA67-4B7D-97DB-0E8F52251316}.Release|Any CPU.ActiveCfg = Release|Any CPU
		{EBD97B87-DA67-4B7D-97DB-0E8F52251316}.Release|Any CPU.Build.0 = Release|Any CPU
	EndGlobalSection
	GlobalSection(SolutionProperties) = preSolution
		HideSolutionNode = FALSE
	EndGlobalSection
	GlobalSection(ExtensibilityGlobals) = postSolution
		SolutionGuid = {92AE2B6B-1E43-44BD-95B4-508318873D76}
	EndGlobalSection
EndGlobal
